
Microsoft Visual Studio Solution File, Format Version 12.00
# Visual Studio 2012
Project("{FAE04EC0-301F-11D3-BF4B-00C04F79EFBC}") = "WpfRichText.Example", "WpfRichText.Ex\WpfRichText.Example.csproj", "{5922EBAC-5CC0-4079-97D7-FCEC9C01AA43}"
EndProject
Project("{FAE04EC0-301F-11D3-BF4B-00C04F79EFBC}") = "WpfRichText", "WpfRichText\WpfRichText.csproj", "{78147C43-DB7B-4571-BC7A-E7F0075B4B78}"
EndProject
Global
	GlobalSection(SolutionConfigurationPlatforms) = preSolution
		Debug|Any CPU = Debug|Any CPU
		Debug|Mixed Platforms = Debug|Mixed Platforms
		Debug|x86 = Debug|x86
		Release|Any CPU = Release|Any CPU
		Release|Mixed Platforms = Release|Mixed Platforms
		Release|x86 = Release|x86
	EndGlobalSection
	GlobalSection(ProjectConfigurationPlatforms) = postSolution
		{5922EBAC-5CC0-4079-97D7-FCEC9C01AA43}.Debug|Any CPU.ActiveCfg = Debug|x86
		{5922EBAC-5CC0-4079-97D7-FCEC9C01AA43}.Debug|Mixed Platforms.ActiveCfg = Debug|x86
		{5922EBAC-5CC0-4079-97D7-FCEC9C01AA43}.Debug|Mixed Platforms.Build.0 = Debug|x86
		{5922EBAC-5CC0-4079-97D7-FCEC9C01AA43}.Debug|x86.ActiveCfg = Debug|x86
		{5922EBAC-5CC0-4079-97D7-FCEC9C01AA43}.Debug|x86.Build.0 = Debug|x86
		{5922EBAC-5CC0-4079-97D7-FCEC9C01AA43}.Release|Any CPU.ActiveCfg = Release|x86
		{5922EBAC-5CC0-4079-97D7-FCEC9C01AA43}.Release|Mixed Platforms.ActiveCfg = Release|x86
		{5922EBAC-5CC0-4079-97D7-FCEC9C01AA43}.Release|Mixed Platforms.Build.0 = Release|x86
		{5922EBAC-5CC0-4079-97D7-FCEC9C01AA43}.Release|x86.ActiveCfg = Release|x86
		{5922EBAC-5CC0-4079-97D7-FCEC9C01AA43}.Release|x86.Build.0 = Release|x86
		{78147C43-DB7B-4571-BC7A-E7F0075B4B78}.Debug|Any CPU.ActiveCfg = Debug|Any CPU
		{78147C43-DB7B-4571-BC7A-E7F0075B4B78}.Debug|Any CPU.Build.0 = Debug|Any CPU
		{78147C43-DB7B-4571-BC7A-E7F0075B4B78}.Debug|Mixed Platforms.ActiveCfg = Debug|Any CPU
		{78147C43-DB7B-4571-BC7A-E7F0075B4B78}.Debug|Mixed Platforms.Build.0 = Debug|Any CPU
		{78147C43-DB7B-4571-BC7A-E7F0075B4B78}.Debug|x86.ActiveCfg = Debug|Any CPU
		{78147C43-DB7B-4571-BC7A-E7F0075B4B78}.Release|Any CPU.ActiveCfg = Release|Any CPU
		{78147C43-DB7B-4571-BC7A-E7F0075B4B78}.Release|Any CPU.Build.0 = Release|Any CPU
		{78147C43-DB7B-4571-BC7A-E7F0075B4B78}.Release|Mixed Platforms.ActiveCfg = Release|Any CPU
		{78147C43-DB7B-4571-BC7A-E7F0075B4B78}.Release|Mixed Platforms.Build.0 = Release|Any CPU
		{78147C43-DB7B-4571-BC7A-E7F0075B4B78}.Release|x86.ActiveCfg = Release|Any CPU
	EndGlobalSection
	GlobalSection(SolutionProperties) = preSolution
		HideSolutionNode = FALSE
	EndGlobalSection
EndGlobal
